
Microsoft Visual Studio Solution File, Format Version 12.00
# Visual Studio Version 17
VisualStudioVersion = 17.7.34221.43
MinimumVisualStudioVersion = 10.0.40219.1
Project("{FAE04EC0-301F-11D3-BF4B-00C04F79EFBC}") = "Assignment 13", "Assignment 13\Assignment 13.csproj", "{33814904-12FF-4817-9345-A5ABD13F4A1D}"
EndProject
Global
	GlobalSection(SolutionConfigurationPlatforms) = preSolution
		Debug|Any CPU = Debug|Any CPU
		Release|Any CPU = Release|Any CPU
	EndGlobalSection
	GlobalSection(ProjectConfigurationPlatforms) = postSolution
		{33814904-12FF-4817-9345-A5ABD13F4A1D}.Debug|Any CPU.ActiveCfg = Debug|Any CPU
		{33814904-12FF-4817-9345-A5ABD13F4A1D}.Debug|Any CPU.Build.0 = Debug|Any CPU
		{33814904-12FF-4817-9345-A5ABD13F4A1D}.Release|Any CPU.ActiveCfg = Release|Any CPU
		{33814904-12FF-4817-9345-A5ABD13F4A1D}.Release|Any CPU.Build.0 = Release|Any CPU
	EndGlobalSection
	GlobalSection(SolutionProperties) = preSolution
		HideSolutionNode = FALSE
	EndGlobalSection
	GlobalSection(ExtensibilityGlobals) = postSolution
		SolutionGuid = {AE923847-0A5A-4635-AD4D-1383DD40A26F}
	EndGlobalSection
EndGlobal
